
Microsoft Visual Studio Solution File, Format Version 12.00
# Visual Studio Version 17
VisualStudioVersion = 17.9.34728.123
MinimumVisualStudioVersion = 10.0.40219.1
Project("{FAE04EC0-301F-11D3-BF4B-00C04F79EFBC}") = "42oop", "42oop\42oop.csproj", "{29505F5F-90F9-479E-8EF9-D0C12E73A773}"
EndProject
Global
	GlobalSection(SolutionConfigurationPlatforms) = preSolution
		Debug|Any CPU = Debug|Any CPU
		Release|Any CPU = Release|Any CPU
	EndGlobalSection
	GlobalSection(ProjectConfigurationPlatforms) = postSolution
		{29505F5F-90F9-479E-8EF9-D0C12E73A773}.Debug|Any CPU.ActiveCfg = Debug|Any CPU
		{29505F5F-90F9-479E-8EF9-D0C12E73A773}.Debug|Any CPU.Build.0 = Debug|Any CPU
		{29505F5F-90F9-479E-8EF9-D0C12E73A773}.Release|Any CPU.ActiveCfg = Release|Any CPU
		{29505F5F-90F9-479E-8EF9-D0C12E73A773}.Release|Any CPU.Build.0 = Release|Any CPU
	EndGlobalSection
	GlobalSection(SolutionProperties) = preSolution
		HideSolutionNode = FALSE
	EndGlobalSection
	GlobalSection(ExtensibilityGlobals) = postSolution
		SolutionGuid = {71EF61B1-827D-447F-BF59-0F7DF3CE7592}
	EndGlobalSection
EndGlobal
